
Microsoft Visual Studio Solution File, Format Version 12.00
# Visual Studio Version 16
VisualStudioVersion = 16.0.28922.388
MinimumVisualStudioVersion = 10.0.40219.1
Project("{8BC9CEB8-8B4A-11D0-8D11-00A0C91BC942}") = "5. Longest Palindromic Substring", "5. Longest Palindromic Substring\5. Longest Palindromic Substring.vcxproj", "{E48FB62D-2347-4859-8A22-E98F0CA87759}"
EndProject
Global
	GlobalSection(SolutionConfigurationPlatforms) = preSolution
		Debug|x64 = Debug|x64
		Debug|x86 = Debug|x86
		Release|x64 = Release|x64
		Release|x86 = Release|x86
	EndGlobalSection
	GlobalSection(ProjectConfigurationPlatforms) = postSolution
		{E48FB62D-2347-4859-8A22-E98F0CA87759}.Debug|x64.ActiveCfg = Debug|x64
		{E48FB62D-2347-4859-8A22-E98F0CA87759}.Debug|x64.Build.0 = Debug|x64
		{E48FB62D-2347-4859-8A22-E98F0CA87759}.Debug|x86.ActiveCfg = Debug|Win32
		{E48FB62D-2347-4859-8A22-E98F0CA87759}.Debug|x86.Build.0 = Debug|Win32
		{E48FB62D-2347-4859-8A22-E98F0CA87759}.Release|x64.ActiveCfg = Release|x64
		{E48FB62D-2347-4859-8A22-E98F0CA87759}.Release|x64.Build.0 = Release|x64
		{E48FB62D-2347-4859-8A22-E98F0CA87759}.Release|x86.ActiveCfg = Release|Win32
		{E48FB62D-2347-4859-8A22-E98F0CA87759}.Release|x86.Build.0 = Release|Win32
	EndGlobalSection
	GlobalSection(SolutionProperties) = preSolution
		HideSolutionNode = FALSE
	EndGlobalSection
	GlobalSection(ExtensibilityGlobals) = postSolution
		SolutionGuid = {758ECA91-D1F8-4AED-AABB-FC530EDB08A9}
	EndGlobalSection
EndGlobal
