
Microsoft Visual Studio Solution File, Format Version 12.00
# Visual Studio Version 16
VisualStudioVersion = 16.0.28803.452
MinimumVisualStudioVersion = 10.0.40219.1
Project("{8BC9CEB8-8B4A-11D0-8D11-00A0C91BC942}") = "4. Median of Two Sorted Arrays", "4. Median of Two Sorted Arrays\4. Median of Two Sorted Arrays.vcxproj", "{4FCFD2DC-BFC0-48F6-85E6-3DE84AAE412A}"
EndProject
Global
	GlobalSection(SolutionConfigurationPlatforms) = preSolution
		Debug|x64 = Debug|x64
		Debug|x86 = Debug|x86
		Release|x64 = Release|x64
		Release|x86 = Release|x86
	EndGlobalSection
	GlobalSection(ProjectConfigurationPlatforms) = postSolution
		{4FCFD2DC-BFC0-48F6-85E6-3DE84AAE412A}.Debug|x64.ActiveCfg = Debug|x64
		{4FCFD2DC-BFC0-48F6-85E6-3DE84AAE412A}.Debug|x64.Build.0 = Debug|x64
		{4FCFD2DC-BFC0-48F6-85E6-3DE84AAE412A}.Debug|x86.ActiveCfg = Debug|Win32
		{4FCFD2DC-BFC0-48F6-85E6-3DE84AAE412A}.Debug|x86.Build.0 = Debug|Win32
		{4FCFD2DC-BFC0-48F6-85E6-3DE84AAE412A}.Release|x64.ActiveCfg = Release|x64
		{4FCFD2DC-BFC0-48F6-85E6-3DE84AAE412A}.Release|x64.Build.0 = Release|x64
		{4FCFD2DC-BFC0-48F6-85E6-3DE84AAE412A}.Release|x86.ActiveCfg = Release|Win32
		{4FCFD2DC-BFC0-48F6-85E6-3DE84AAE412A}.Release|x86.Build.0 = Release|Win32
	EndGlobalSection
	GlobalSection(SolutionProperties) = preSolution
		HideSolutionNode = FALSE
	EndGlobalSection
	GlobalSection(ExtensibilityGlobals) = postSolution
		SolutionGuid = {0C018137-F766-402D-AC26-01950FD607F1}
	EndGlobalSection
EndGlobal
